
Microsoft Visual Studio Solution File, Format Version 12.00
# Visual Studio Version 17
VisualStudioVersion = 17.12.35527.113
MinimumVisualStudioVersion = 10.0.40219.1
Project("{FAE04EC0-301F-11D3-BF4B-00C04F79EFBC}") = "CoreDemo", "CoreDemo\CoreDemo.csproj", "{C9E0A483-CE13-4F9F-B5DF-BF63F01B5ECA}"
EndProject
Project("{FAE04EC0-301F-11D3-BF4B-00C04F79EFBC}") = "EntityLayer", "EntityLayer\EntityLayer.csproj", "{72BE08A4-22C5-4583-A901-24C7D3D4AFE7}"
EndProject
Project("{FAE04EC0-301F-11D3-BF4B-00C04F79EFBC}") = "DataAccessLayer", "DataAccessLayer\DataAccessLayer.csproj", "{D40EDA2D-CFBE-4812-90FD-3BEF55A0C464}"
EndProject
Project("{FAE04EC0-301F-11D3-BF4B-00C04F79EFBC}") = "BusinessLayer", "BusinessLayer\BusinessLayer.csproj", "{6EE8BE6B-F2D5-42B8-9954-42D6DA37D3AD}"
EndProject
Project("{FAE04EC0-301F-11D3-BF4B-00C04F79EFBC}") = "CoreLayer", "CoreLayer\CoreLayer.csproj", "{EC62E5D4-3C34-45BA-AB93-A7DD42D5AE29}"
EndProject
Project("{FAE04EC0-301F-11D3-BF4B-00C04F79EFBC}") = "BlogApiDemo", "BlogApiDemo\BlogApiDemo.csproj", "{3487DD9B-82C4-4DDF-850A-5A983B8B33B8}"
EndProject
Global
	GlobalSection(SolutionConfigurationPlatforms) = preSolution
		Debug|Any CPU = Debug|Any CPU
		Release|Any CPU = Release|Any CPU
	EndGlobalSection
	GlobalSection(ProjectConfigurationPlatforms) = postSolution
		{C9E0A483-CE13-4F9F-B5DF-BF63F01B5ECA}.Debug|Any CPU.ActiveCfg = Debug|Any CPU
		{C9E0A483-CE13-4F9F-B5DF-BF63F01B5ECA}.Debug|Any CPU.Build.0 = Debug|Any CPU
		{C9E0A483-CE13-4F9F-B5DF-BF63F01B5ECA}.Release|Any CPU.ActiveCfg = Release|Any CPU
		{C9E0A483-CE13-4F9F-B5DF-BF63F01B5ECA}.Release|Any CPU.Build.0 = Release|Any CPU
		{72BE08A4-22C5-4583-A901-24C7D3D4AFE7}.Debug|Any CPU.ActiveCfg = Debug|Any CPU
		{72BE08A4-22C5-4583-A901-24C7D3D4AFE7}.Debug|Any CPU.Build.0 = Debug|Any CPU
		{72BE08A4-22C5-4583-A901-24C7D3D4AFE7}.Release|Any CPU.ActiveCfg = Release|Any CPU
		{72BE08A4-22C5-4583-A901-24C7D3D4AFE7}.Release|Any CPU.Build.0 = Release|Any CPU
		{D40EDA2D-CFBE-4812-90FD-3BEF55A0C464}.Debug|Any CPU.ActiveCfg = Debug|Any CPU
		{D40EDA2D-CFBE-4812-90FD-3BEF55A0C464}.Debug|Any CPU.Build.0 = Debug|Any CPU
		{D40EDA2D-CFBE-4812-90FD-3BEF55A0C464}.Release|Any CPU.ActiveCfg = Release|Any CPU
		{D40EDA2D-CFBE-4812-90FD-3BEF55A0C464}.Release|Any CPU.Build.0 = Release|Any CPU
		{6EE8BE6B-F2D5-42B8-9954-42D6DA37D3AD}.Debug|Any CPU.ActiveCfg = Debug|Any CPU
		{6EE8BE6B-F2D5-42B8-9954-42D6DA37D3AD}.Debug|Any CPU.Build.0 = Debug|Any CPU
		{6EE8BE6B-F2D5-42B8-9954-42D6DA37D3AD}.Release|Any CPU.ActiveCfg = Release|Any CPU
		{6EE8BE6B-F2D5-42B8-9954-42D6DA37D3AD}.Release|Any CPU.Build.0 = Release|Any CPU
		{EC62E5D4-3C34-45BA-AB93-A7DD42D5AE29}.Debug|Any CPU.ActiveCfg = Debug|Any CPU
		{EC62E5D4-3C34-45BA-AB93-A7DD42D5AE29}.Debug|Any CPU.Build.0 = Debug|Any CPU
		{EC62E5D4-3C34-45BA-AB93-A7DD42D5AE29}.Release|Any CPU.ActiveCfg = Release|Any CPU
		{EC62E5D4-3C34-45BA-AB93-A7DD42D5AE29}.Release|Any CPU.Build.0 = Release|Any CPU
		{3487DD9B-82C4-4DDF-850A-5A983B8B33B8}.Debug|Any CPU.ActiveCfg = Debug|Any CPU
		{3487DD9B-82C4-4DDF-850A-5A983B8B33B8}.Debug|Any CPU.Build.0 = Debug|Any CPU
		{3487DD9B-82C4-4DDF-850A-5A983B8B33B8}.Release|Any CPU.ActiveCfg = Release|Any CPU
		{3487DD9B-82C4-4DDF-850A-5A983B8B33B8}.Release|Any CPU.Build.0 = Release|Any CPU
	EndGlobalSection
	GlobalSection(SolutionProperties) = preSolution
		HideSolutionNode = FALSE
	EndGlobalSection
EndGlobal
